
Microsoft Visual Studio Solution File, Format Version 12.00
# Visual Studio 2013
VisualStudioVersion = 12.0.30723.0
MinimumVisualStudioVersion = 10.0.40219.1
Project("{FAE04EC0-301F-11D3-BF4B-00C04F79EFBC}") = "RefactorToBeTestable", "RefactorToBeTestable\RefactorToBeTestable.csproj", "{EA74D859-9C0C-4C7D-AED5-E0DE79C7C119}"
EndProject
Project("{FAE04EC0-301F-11D3-BF4B-00C04F79EFBC}") = "Untestable", "Untestable\Untestable.csproj", "{FBE0BD94-6702-4A8A-81CF-4556940EEDC1}"
EndProject
Project("{FAE04EC0-301F-11D3-BF4B-00C04F79EFBC}") = "RefactorToBeTestableTest", "RefactorToBeTestableTest\RefactorToBeTestableTest.csproj", "{68B050E0-3863-4EC4-A0ED-2497939890DF}"
EndProject
Global
	GlobalSection(SolutionConfigurationPlatforms) = preSolution
		Debug|Any CPU = Debug|Any CPU
		Release|Any CPU = Release|Any CPU
	EndGlobalSection
	GlobalSection(ProjectConfigurationPlatforms) = postSolution
		{EA74D859-9C0C-4C7D-AED5-E0DE79C7C119}.Debug|Any CPU.ActiveCfg = Debug|Any CPU
		{EA74D859-9C0C-4C7D-AED5-E0DE79C7C119}.Debug|Any CPU.Build.0 = Debug|Any CPU
		{EA74D859-9C0C-4C7D-AED5-E0DE79C7C119}.Release|Any CPU.ActiveCfg = Release|Any CPU
		{EA74D859-9C0C-4C7D-AED5-E0DE79C7C119}.Release|Any CPU.Build.0 = Release|Any CPU
		{FBE0BD94-6702-4A8A-81CF-4556940EEDC1}.Debug|Any CPU.ActiveCfg = Debug|Any CPU
		{FBE0BD94-6702-4A8A-81CF-4556940EEDC1}.Debug|Any CPU.Build.0 = Debug|Any CPU
		{FBE0BD94-6702-4A8A-81CF-4556940EEDC1}.Release|Any CPU.ActiveCfg = Release|Any CPU
		{FBE0BD94-6702-4A8A-81CF-4556940EEDC1}.Release|Any CPU.Build.0 = Release|Any CPU
		{68B050E0-3863-4EC4-A0ED-2497939890DF}.Debug|Any CPU.ActiveCfg = Debug|Any CPU
		{68B050E0-3863-4EC4-A0ED-2497939890DF}.Debug|Any CPU.Build.0 = Debug|Any CPU
		{68B050E0-3863-4EC4-A0ED-2497939890DF}.Release|Any CPU.ActiveCfg = Release|Any CPU
		{68B050E0-3863-4EC4-A0ED-2497939890DF}.Release|Any CPU.Build.0 = Release|Any CPU
	EndGlobalSection
	GlobalSection(SolutionProperties) = preSolution
		HideSolutionNode = FALSE
	EndGlobalSection
EndGlobal
